// !$*UTF8*$!
{
	archiveVersion = 1;
	classes = {
	};
	objectVersion = 50;
	objects = {

/* Begin PBXBuildFile section */
		832AC11325DFE6C80068860C /* AppDelegate.swift in Sources */ = {isa = PBXBuildFile; fileRef = 832AC11225DFE6C80068860C /* AppDelegate.swift */; };
		832AC11525DFE6C80068860C /* SceneDelegate.swift in Sources */ = {isa = PBXBuildFile; fileRef = 832AC11425DFE6C80068860C /* SceneDelegate.swift */; };
		832AC11725DFE6C80068860C /* LoginViewController.swift in Sources */ = {isa = PBXBuildFile; fileRef = 832AC11625DFE6C80068860C /* LoginViewController.swift */; };
		832AC11A25DFE6C80068860C /* Main.storyboard in Resources */ = {isa = PBXBuildFile; fileRef = 832AC11825DFE6C80068860C /* Main.storyboard */; };
		832AC11C25DFE6CC0068860C /* Assets.xcassets in Resources */ = {isa = PBXBuildFile; fileRef = 832AC11B25DFE6CC0068860C /* Assets.xcassets */; };
		832AC11F25DFE6CC0068860C /* LaunchScreen.storyboard in Resources */ = {isa = PBXBuildFile; fileRef = 832AC11D25DFE6CC0068860C /* LaunchScreen.storyboard */; };
		832AC13E25DFED410068860C /* WelcomeTableViewController.swift in Sources */ = {isa = PBXBuildFile; fileRef = 832AC13D25DFED410068860C /* WelcomeTableViewController.swift */; };
		832AC14425DFEF560068860C /* Extensior.swift in Sources */ = {isa = PBXBuildFile; fileRef = 832AC14325DFEF560068860C /* Extensior.swift */; };
		832AC14E25E00AAC0068860C /* BounceButton.swift in Sources */ = {isa = PBXBuildFile; fileRef = 832AC14A25E00AAC0068860C /* BounceButton.swift */; };
		832AC14F25E00AAC0068860C /* DesignableTextField.swift in Sources */ = {isa = PBXBuildFile; fileRef = 832AC14B25E00AAC0068860C /* DesignableTextField.swift */; };
		832AC15025E00AAC0068860C /* Montserrat-Medium.ttf in Resources */ = {isa = PBXBuildFile; fileRef = 832AC14C25E00AAC0068860C /* Montserrat-Medium.ttf */; };
		832AC15125E00AAC0068860C /* DesignButton.swift in Sources */ = {isa = PBXBuildFile; fileRef = 832AC14D25E00AAC0068860C /* DesignButton.swift */; };
/* End PBXBuildFile section */

/* Begin PBXFileReference section */
		832AC10F25DFE6C80068860C /* LoginUIApp.app */ = {isa = PBXFileReference; explicitFileType = wrapper.application; includeInIndex = 0; path = LoginUIApp.app; sourceTree = BUILT_PRODUCTS_DIR; };
		832AC11225DFE6C80068860C /* AppDelegate.swift */ = {isa = PBXFileReference; lastKnownFileType = sourcecode.swift; path = AppDelegate.swift; sourceTree = "<group>"; };
		832AC11425DFE6C80068860C /* SceneDelegate.swift */ = {isa = PBXFileReference; lastKnownFileType = sourcecode.swift; path = SceneDelegate.swift; sourceTree = "<group>"; };
		832AC11625DFE6C80068860C /* LoginViewController.swift */ = {isa = PBXFileReference; lastKnownFileType = sourcecode.swift; path = LoginViewController.swift; sourceTree = "<group>"; };
		832AC11925DFE6C80068860C /* Base */ = {isa = PBXFileReference; lastKnownFileType = file.storyboard; name = Base; path = Base.lproj/Main.storyboard; sourceTree = "<group>"; };
		832AC11B25DFE6CC0068860C /* Assets.xcassets */ = {isa = PBXFileReference; lastKnownFileType = folder.assetcatalog; path = Assets.xcassets; sourceTree = "<group>"; };
		832AC11E25DFE6CC0068860C /* Base */ = {isa = PBXFileReference; lastKnownFileType = file.storyboard; name = Base; path = Base.lproj/LaunchScreen.storyboard; sourceTree = "<group>"; };
		832AC12025DFE6CC0068860C /* Info.plist */ = {isa = PBXFileReference; lastKnownFileType = text.plist.xml; path = Info.plist; sourceTree = "<group>"; };
		832AC13D25DFED410068860C /* WelcomeTableViewController.swift */ = {isa = PBXFileReference; lastKnownFileType = sourcecode.swift; path = WelcomeTableViewController.swift; sourceTree = "<group>"; };
		832AC14325DFEF560068860C /* Extensior.swift */ = {isa = PBXFileReference; lastKnownFileType = sourcecode.swift; path = Extensior.swift; sourceTree = "<group>"; };
		832AC14A25E00AAC0068860C /* BounceButton.swift */ = {isa = PBXFileReference; fileEncoding = 4; lastKnownFileType = sourcecode.swift; name = BounceButton.swift; path = "../../../../../OpenWeatherApp-main/OpenWeatherApp/ExtraResource/BounceButton.swift"; sourceTree = "<group>"; };
		832AC14B25E00AAC0068860C /* DesignableTextField.swift */ = {isa = PBXFileReference; fileEncoding = 4; lastKnownFileType = sourcecode.swift; name = DesignableTextField.swift; path = "../../../../../OpenWeatherApp-main/OpenWeatherApp/ExtraResource/DesignableTextField.swift"; sourceTree = "<group>"; };
		832AC14C25E00AAC0068860C /* Montserrat-Medium.ttf */ = {isa = PBXFileReference; lastKnownFileType = file; name = "Montserrat-Medium.ttf"; path = "../../../../../OpenWeatherApp-main/OpenWeatherApp/ExtraResource/Montserrat-Medium.ttf"; sourceTree = "<group>"; };
		832AC14D25E00AAC0068860C /* DesignButton.swift */ = {isa = PBXFileReference; fileEncoding = 4; lastKnownFileType = sourcecode.swift; name = DesignButton.swift; path = "../../../../../OpenWeatherApp-main/OpenWeatherApp/ExtraResource/DesignButton.swift"; sourceTree = "<group>"; };
/* End PBXFileReference section */

/* Begin PBXFrameworksBuildPhase section */
		832AC10C25DFE6C80068860C /* Frameworks */ = {
			isa = PBXFrameworksBuildPhase;
			buildActionMask = 2147483647;
			files = (
			);
			runOnlyForDeploymentPostprocessing = 0;
		};
/* End PBXFrameworksBuildPhase section */

/* Begin PBXGroup section */
		832AC10625DFE6C80068860C = {
			isa = PBXGroup;
			children = (
				832AC11125DFE6C80068860C /* LoginUIApp */,
				832AC11025DFE6C80068860C /* Products */,
			);
			sourceTree = "<group>";
		};
		832AC11025DFE6C80068860C /* Products */ = {
			isa = PBXGroup;
			children = (
				832AC10F25DFE6C80068860C /* LoginUIApp.app */,
			);
			name = Products;
			sourceTree = "<group>";
		};
		832AC11125DFE6C80068860C /* LoginUIApp */ = {
			isa = PBXGroup;
			children = (
				832AC12D25DFE74B0068860C /* Extention */,
				832AC12C25DFE7340068860C /* ExtraResource */,
				832AC12725DFE6E40068860C /* Delegate */,
				832AC12925DFE6EF0068860C /* Controller */,
				832AC12B25DFE6FC0068860C /* View */,
				832AC11B25DFE6CC0068860C /* Assets.xcassets */,
				832AC12025DFE6CC0068860C /* Info.plist */,
			);
			path = LoginUIApp;
			sourceTree = "<group>";
		};
		832AC12725DFE6E40068860C /* Delegate */ = {
			isa = PBXGroup;
			children = (
				832AC11225DFE6C80068860C /* AppDelegate.swift */,
				832AC11425DFE6C80068860C /* SceneDelegate.swift */,
			);
			path = Delegate;
			sourceTree = "<group>";
		};
		832AC12925DFE6EF0068860C /* Controller */ = {
			isa = PBXGroup;
			children = (
				832AC11625DFE6C80068860C /* LoginViewController.swift */,
				832AC13D25DFED410068860C /* WelcomeTableViewController.swift */,
			);
			path = Controller;
			sourceTree = "<group>";
		};
		832AC12B25DFE6FC0068860C /* View */ = {
			isa = PBXGroup;
			children = (
				832AC11825DFE6C80068860C /* Main.storyboard */,
				832AC11D25DFE6CC0068860C /* LaunchScreen.storyboard */,
			);
			path = View;
			sourceTree = "<group>";
		};
		832AC12C25DFE7340068860C /* ExtraResource */ = {
			isa = PBXGroup;
			children = (
				832AC14A25E00AAC0068860C /* BounceButton.swift */,
				832AC14B25E00AAC0068860C /* DesignableTextField.swift */,
				832AC14D25E00AAC0068860C /* DesignButton.swift */,
				832AC14C25E00AAC0068860C /* Montserrat-Medium.ttf */,
			);
			path = ExtraResource;
			sourceTree = "<group>";
		};
		832AC12D25DFE74B0068860C /* Extention */ = {
			isa = PBXGroup;
			children = (
				832AC14325DFEF560068860C /* Extensior.swift */,
			);
			path = Extention;
			sourceTree = "<group>";
		};
/* End PBXGroup section */

/* Begin PBXNativeTarget section */
		832AC10E25DFE6C80068860C /* LoginUIApp */ = {
			isa = PBXNativeTarget;
			buildConfigurationList = 832AC12325DFE6CC0068860C /* Build configuration list for PBXNativeTarget "LoginUIApp" */;
			buildPhases = (
				832AC10B25DFE6C80068860C /* Sources */,
				832AC10C25DFE6C80068860C /* Frameworks */,
				832AC10D25DFE6C80068860C /* Resources */,
			);
			buildRules = (
			);
			dependencies = (
			);
			name = LoginUIApp;
			productName = LoginUIApp;
			productReference = 832AC10F25DFE6C80068860C /* LoginUIApp.app */;
			productType = "com.apple.product-type.application";
		};
/* End PBXNativeTarget section */

/* Begin PBXProject section */
		832AC10725DFE6C80068860C /* Project object */ = {
			isa = PBXProject;
			attributes = {
				LastSwiftUpdateCheck = 1230;
				LastUpgradeCheck = 1230;
				TargetAttributes = {
					832AC10E25DFE6C80068860C = {
						CreatedOnToolsVersion = 12.3;
					};
				};
			};
			buildConfigurationList = 832AC10A25DFE6C80068860C /* Build configuration list for PBXProject "LoginUIApp" */;
			compatibilityVersion = "Xcode 9.3";
			developmentRegion = en;
			hasScannedForEncodings = 0;
			knownRegions = (
				en,
				Base,
			);
			mainGroup = 832AC10625DFE6C80068860C;
			productRefGroup = 832AC11025DFE6C80068860C /* Products */;
			projectDirPath = "";
			projectRoot = "";
			targets = (
				832AC10E25DFE6C80068860C /* LoginUIApp */,
			);
		};
/* End PBXProject section */

/* Begin PBXResourcesBuildPhase section */
		832AC10D25DFE6C80068860C /* Resources */ = {
			isa = PBXResourcesBuildPhase;
			buildActionMask = 2147483647;
			files = (
				832AC11F25DFE6CC0068860C /* LaunchScreen.storyboard in Resources */,
				832AC11C25DFE6CC0068860C /* Assets.xcassets in Resources */,
				832AC15025E00AAC0068860C /* Montserrat-Medium.ttf in Resources */,
				832AC11A25DFE6C80068860C /* Main.storyboard in Resources */,
			);
			runOnlyForDeploymentPostprocessing = 0;
		};
/* End PBXResourcesBuildPhase section */

/* Begin PBXSourcesBuildPhase section */
		832AC10B25DFE6C80068860C /* Sources */ = {
			isa = PBXSourcesBuildPhase;
			buildActionMask = 2147483647;
			files = (
				832AC11725DFE6C80068860C /* LoginViewController.swift in Sources */,
				832AC11325DFE6C80068860C /* AppDelegate.swift in Sources */,
				832AC13E25DFED410068860C /* WelcomeTableViewController.swift in Sources */,
				832AC15125E00AAC0068860C /* DesignButton.swift in Sources */,
				832AC14F25E00AAC0068860C /* DesignableTextField.swift in Sources */,
				832AC14425DFEF560068860C /* Extensior.swift in Sources */,
				832AC11525DFE6C80068860C /* SceneDelegate.swift in Sources */,
				832AC14E25E00AAC0068860C /* BounceButton.swift in Sources */,
			);
			runOnlyForDeploymentPostprocessing = 0;
		};
/* End PBXSourcesBuildPhase section */

/* Begin PBXVariantGroup section */
		832AC11825DFE6C80068860C /* Main.storyboard */ = {
			isa = PBXVariantGroup;
			children = (
				832AC11925DFE6C80068860C /* Base */,
			);
			name = Main.storyboard;
			sourceTree = "<group>";
		};
		832AC11D25DFE6CC0068860C /* LaunchScreen.storyboard */ = {
			isa = PBXVariantGroup;
			children = (
				832AC11E25DFE6CC0068860C /* Base */,
			);
			name = LaunchScreen.storyboard;
			sourceTree = "<group>";
		};
/* End PBXVariantGroup section */

/* Begin XCBuildConfiguration section */
		832AC12125DFE6CC0068860C /* Debug */ = {
			isa = XCBuildConfiguration;
			buildSettings = {
				ALWAYS_SEARCH_USER_PATHS = NO;
				CLANG_ANALYZER_NONNULL = YES;
				CLANG_ANALYZER_NUMBER_OBJECT_CONVERSION = YES_AGGRESSIVE;
				CLANG_CXX_LANGUAGE_STANDARD = "gnu++14";
				CLANG_CXX_LIBRARY = "libc++";
				CLANG_ENABLE_MODULES = YES;
				CLANG_ENABLE_OBJC_ARC = YES;
				CLANG_ENABLE_OBJC_WEAK = YES;
				CLANG_WARN_BLOCK_CAPTURE_AUTORELEASING = YES;
				CLANG_WARN_BOOL_CONVERSION = YES;
				CLANG_WARN_COMMA = YES;
				CLANG_WARN_CONSTANT_CONVERSION = YES;
				CLANG_WARN_DEPRECATED_OBJC_IMPLEMENTATIONS = YES;
				CLANG_WARN_DIRECT_OBJC_ISA_USAGE = YES_ERROR;
				CLANG_WARN_DOCUMENTATION_COMMENTS = YES;
				CLANG_WARN_EMPTY_BODY = YES;
				CLANG_WARN_ENUM_CONVERSION = YES;
				CLANG_WARN_INFINITE_RECURSION = YES;
				CLANG_WARN_INT_CONVERSION = YES;
				CLANG_WARN_NON_LITERAL_NULL_CONVERSION = YES;
				CLANG_WARN_OBJC_IMPLICIT_RETAIN_SELF = YES;
				CLANG_WARN_OBJC_LITERAL_CONVERSION = YES;
				CLANG_WARN_OBJC_ROOT_CLASS = YES_ERROR;
				CLANG_WARN_QUOTED_INCLUDE_IN_FRAMEWORK_HEADER = YES;
				CLANG_WARN_RANGE_LOOP_ANALYSIS = YES;
				CLANG_WARN_STRICT_PROTOTYPES = YES;
				CLANG_WARN_SUSPICIOUS_MOVE = YES;
				CLANG_WARN_UNGUARDED_AVAILABILITY = YES_AGGRESSIVE;
				CLANG_WARN_UNREACHABLE_CODE = YES;
				CLANG_WARN__DUPLICATE_METHOD_MATCH = YES;
				COPY_PHASE_STRIP = NO;
				DEBUG_INFORMATION_FORMAT = dwarf;
				ENABLE_STRICT_OBJC_MSGSEND = YES;
				ENABLE_TESTABILITY = YES;
				GCC_C_LANGUAGE_STANDARD = gnu11;
				GCC_DYNAMIC_NO_PIC = NO;
				GCC_NO_COMMON_BLOCKS = YES;
				GCC_OPTIMIZATION_LEVEL = 0;
				GCC_PREPROCESSOR_DEFINITIONS = (
					"DEBUG=1",
					"$(inherited)",
				);
				GCC_WARN_64_TO_32_BIT_CONVERSION = YES;
				GCC_WARN_ABOUT_RETURN_TYPE = YES_ERROR;
				GCC_WARN_UNDECLARED_SELECTOR = YES;
				GCC_WARN_UNINITIALIZED_AUTOS = YES_AGGRESSIVE;
				GCC_WARN_UNUSED_FUNCTION = YES;
				GCC_WARN_UNUSED_VARIABLE = YES;
				IPHONEOS_DEPLOYMENT_TARGET = 14.3;
				MTL_ENABLE_DEBUG_INFO = INCLUDE_SOURCE;
				MTL_FAST_MATH = YES;
				ONLY_ACTIVE_ARCH = YES;
				SDKROOT = iphoneos;
				SWIFT_ACTIVE_COMPILATION_CONDITIONS = DEBUG;
				SWIFT_OPTIMIZATION_LEVEL = "-Onone";
			};
			name = Debug;
		};
		832AC12225DFE6CC0068860C /* Release */ = {
			isa = XCBuildConfiguration;
			buildSettings = {
				ALWAYS_SEARCH_USER_PATHS = NO;
				CLANG_ANALYZER_NONNULL = YES;
				CLANG_ANALYZER_NUMBER_OBJECT_CONVERSION = YES_AGGRESSIVE;
				CLANG_CXX_LANGUAGE_STANDARD = "gnu++14";
				CLANG_CXX_LIBRARY = "libc++";
				CLANG_ENABLE_MODULES = YES;
				CLANG_ENABLE_OBJC_ARC = YES;
				CLANG_ENABLE_OBJC_WEAK = YES;
				CLANG_WARN_BLOCK_CAPTURE_AUTORELEASING = YES;
				CLANG_WARN_BOOL_CONVERSION = YES;
				CLANG_WARN_COMMA = YES;
				CLANG_WARN_CONSTANT_CONVERSION = YES;
				CLANG_WARN_DEPRECATED_OBJC_IMPLEMENTATIONS = YES;
				CLANG_WARN_DIRECT_OBJC_ISA_USAGE = YES_ERROR;
				CLANG_WARN_DOCUMENTATION_COMMENTS = YES;
				CLANG_WARN_EMPTY_BODY = YES;
				CLANG_WARN_ENUM_CONVERSION = YES;
				CLANG_WARN_INFINITE_RECURSION = YES;
				CLANG_WARN_INT_CONVERSION = YES;
				CLANG_WARN_NON_LITERAL_NULL_CONVERSION = YES;
				CLANG_WARN_OBJC_IMPLICIT_RETAIN_SELF = YES;
				CLANG_WARN_OBJC_LITERAL_CONVERSION = YES;
				CLANG_WARN_OBJC_ROOT_CLASS = YES_ERROR;
				CLANG_WARN_QUOTED_INCLUDE_IN_FRAMEWORK_HEADER = YES;
				CLANG_WARN_RANGE_LOOP_ANALYSIS = YES;
				CLANG_WARN_STRICT_PROTOTYPES = YES;
				CLANG_WARN_SUSPICIOUS_MOVE = YES;
				CLANG_WARN_UNGUARDED_AVAILABILITY = YES_AGGRESSIVE;
				CLANG_WARN_UNREACHABLE_CODE = YES;
				CLANG_WARN__DUPLICATE_METHOD_MATCH = YES;
				COPY_PHASE_STRIP = NO;
				DEBUG_INFORMATION_FORMAT = "dwarf-with-dsym";
				ENABLE_NS_ASSERTIONS = NO;
				ENABLE_STRICT_OBJC_MSGSEND = YES;
				GCC_C_LANGUAGE_STANDARD = gnu11;
				GCC_NO_COMMON_BLOCKS = YES;
				GCC_WARN_64_TO_32_BIT_CONVERSION = YES;
				GCC_WARN_ABOUT_RETURN_TYPE = YES_ERROR;
				GCC_WARN_UNDECLARED_SELECTOR = YES;
				GCC_WARN_UNINITIALIZED_AUTOS = YES_AGGRESSIVE;
				GCC_WARN_UNUSED_FUNCTION = YES;
				GCC_WARN_UNUSED_VARIABLE = YES;
				IPHONEOS_DEPLOYMENT_TARGET = 14.3;
				MTL_ENABLE_DEBUG_INFO = NO;
				MTL_FAST_MATH = YES;
				SDKROOT = iphoneos;
				SWIFT_COMPILATION_MODE = wholemodule;
				SWIFT_OPTIMIZATION_LEVEL = "-O";
				VALIDATE_PRODUCT = YES;
			};
			name = Release;
		};
		832AC12425DFE6CC0068860C /* Debug */ = {
			isa = XCBuildConfiguration;
			buildSettings = {
				ASSETCATALOG_COMPILER_APPICON_NAME = AppIcon;
				ASSETCATALOG_COMPILER_GLOBAL_ACCENT_COLOR_NAME = AccentColor;
				CODE_SIGN_STYLE = Automatic;
				DEVELOPMENT_TEAM = DYBWA45MRH;
				INFOPLIST_FILE = LoginUIApp/Info.plist;
				LD_RUNPATH_SEARCH_PATHS = (
					"$(inherited)",
					"@executable_path/Frameworks",
				);
				PRODUCT_BUNDLE_IDENTIFIER = lv.accenture.bootcamps.LoginUIApp;
				PRODUCT_NAME = "$(TARGET_NAME)";
				SWIFT_VERSION = 5.0;
				TARGETED_DEVICE_FAMILY = "1,2";
			};
			name = Debug;
		};
		832AC12525DFE6CC0068860C /* Release */ = {
			isa = XCBuildConfiguration;
			buildSettings = {
				ASSETCATALOG_COMPILER_APPICON_NAME = AppIcon;
				ASSETCATALOG_COMPILER_GLOBAL_ACCENT_COLOR_NAME = AccentColor;
				CODE_SIGN_STYLE = Automatic;
				DEVELOPMENT_TEAM = DYBWA45MRH;
				INFOPLIST_FILE = LoginUIApp/Info.plist;
				LD_RUNPATH_SEARCH_PATHS = (
					"$(inherited)",
					"@executable_path/Frameworks",
				);
				PRODUCT_BUNDLE_IDENTIFIER = lv.accenture.bootcamps.LoginUIApp;
				PRODUCT_NAME = "$(TARGET_NAME)";
				SWIFT_VERSION = 5.0;
				TARGETED_DEVICE_FAMILY = "1,2";
			};
			name = Release;
		};
/* End XCBuildConfiguration section */

/* Begin XCConfigurationList section */
		832AC10A25DFE6C80068860C /* Build configuration list for PBXProject "LoginUIApp" */ = {
			isa = XCConfigurationList;
			buildConfigurations = (
				832AC12125DFE6CC0068860C /* Debug */,
				832AC12225DFE6CC0068860C /* Release */,
			);
			defaultConfigurationIsVisible = 0;
			defaultConfigurationName = Release;
		};
		832AC12325DFE6CC0068860C /* Build configuration list for PBXNativeTarget "LoginUIApp" */ = {
			isa = XCConfigurationList;
			buildConfigurations = (
				832AC12425DFE6CC0068860C /* Debug */,
				832AC12525DFE6CC0068860C /* Release */,
			);
			defaultConfigurationIsVisible = 0;
			defaultConfigurationName = Release;
		};
/* End XCConfigurationList section */
	};
	rootObject = 832AC10725DFE6C80068860C /* Project object */;
}
